
Microsoft Visual Studio Solution File, Format Version 12.00
# Visual Studio Version 17
VisualStudioVersion = 17.5.002.0
MinimumVisualStudioVersion = 10.0.40219.1
Project("{9A19103F-16F7-4668-BE54-9A1E7A4F7556}") = "Allergies", "Allergies.csproj", "{312F05B6-52CE-4957-832E-C542FE003258}"
EndProject
Global
	GlobalSection(SolutionConfigurationPlatforms) = preSolution
		Debug|Any CPU = Debug|Any CPU
		Release|Any CPU = Release|Any CPU
	EndGlobalSection
	GlobalSection(ProjectConfigurationPlatforms) = postSolution
		{312F05B6-52CE-4957-832E-C542FE003258}.Debug|Any CPU.ActiveCfg = Debug|Any CPU
		{312F05B6-52CE-4957-832E-C542FE003258}.Debug|Any CPU.Build.0 = Debug|Any CPU
		{312F05B6-52CE-4957-832E-C542FE003258}.Release|Any CPU.ActiveCfg = Release|Any CPU
		{312F05B6-52CE-4957-832E-C542FE003258}.Release|Any CPU.Build.0 = Release|Any CPU
	EndGlobalSection
	GlobalSection(SolutionProperties) = preSolution
		HideSolutionNode = FALSE
	EndGlobalSection
	GlobalSection(ExtensibilityGlobals) = postSolution
		SolutionGuid = {0070C9ED-B12C-411A-812B-CBE6BC88B7F3}
	EndGlobalSection
EndGlobal
