
Microsoft Visual Studio Solution File, Format Version 12.00
# Visual Studio Version 17
VisualStudioVersion = 17.5.002.0
MinimumVisualStudioVersion = 10.0.40219.1
Project("{9A19103F-16F7-4668-BE54-9A1E7A4F7556}") = "HighScores", "HighScores.csproj", "{016D1AF8-05F8-4704-A728-1B158B9BD9EF}"
EndProject
Global
	GlobalSection(SolutionConfigurationPlatforms) = preSolution
		Debug|Any CPU = Debug|Any CPU
		Release|Any CPU = Release|Any CPU
	EndGlobalSection
	GlobalSection(ProjectConfigurationPlatforms) = postSolution
		{016D1AF8-05F8-4704-A728-1B158B9BD9EF}.Debug|Any CPU.ActiveCfg = Debug|Any CPU
		{016D1AF8-05F8-4704-A728-1B158B9BD9EF}.Debug|Any CPU.Build.0 = Debug|Any CPU
		{016D1AF8-05F8-4704-A728-1B158B9BD9EF}.Release|Any CPU.ActiveCfg = Release|Any CPU
		{016D1AF8-05F8-4704-A728-1B158B9BD9EF}.Release|Any CPU.Build.0 = Release|Any CPU
	EndGlobalSection
	GlobalSection(SolutionProperties) = preSolution
		HideSolutionNode = FALSE
	EndGlobalSection
	GlobalSection(ExtensibilityGlobals) = postSolution
		SolutionGuid = {5B605032-9498-4647-B308-2D00DF30C269}
	EndGlobalSection
EndGlobal
